// !$*UTF8*$!
{
	archiveVersion = 1;
	classes = {
	};
	objectVersion = 56;
	objects = {

/* Begin PBXBuildFile section */
		3F026F252C3996D000ED696C /* KeychainAccess in Frameworks */ = {isa = PBXBuildFile; productRef = 3F026F242C3996D000ED696C /* KeychainAccess */; };
		3F026F272C399A4100ED696C /* PasswordKeychain.swift in Sources */ = {isa = PBXBuildFile; fileRef = 3F026F262C399A4100ED696C /* PasswordKeychain.swift */; };
		3F026F292C39A2E400ED696C /* EditViewModel.swift in Sources */ = {isa = PBXBuildFile; fileRef = 3F026F282C39A2E400ED696C /* EditViewModel.swift */; };
		3F026F2B2C39A3F100ED696C /* AddViewModel.swift in Sources */ = {isa = PBXBuildFile; fileRef = 3F026F2A2C39A3F100ED696C /* AddViewModel.swift */; };
		3F026F362C3A618400ED696C /* LicenseList in Frameworks */ = {isa = PBXBuildFile; productRef = 3F026F352C3A618400ED696C /* LicenseList */; };
		3F026F382C3A622500ED696C /* LicenseList.swift in Sources */ = {isa = PBXBuildFile; fileRef = 3F026F372C3A622500ED696C /* LicenseList.swift */; };
		3F026F422C3A77A600ED696C /* OpenURLInSafariViewModifier.swift in Sources */ = {isa = PBXBuildFile; fileRef = 3F026F412C3A77A600ED696C /* OpenURLInSafariViewModifier.swift */; };
		3F026F442C3A789500ED696C /* URLs.swift in Sources */ = {isa = PBXBuildFile; fileRef = 3F026F432C3A789500ED696C /* URLs.swift */; };
		3F13F9C62C1DECF30068908E /* InfomationViewModel.swift in Sources */ = {isa = PBXBuildFile; fileRef = 3F13F9C52C1DECF30068908E /* InfomationViewModel.swift */; };
		3F13F9C82C1DED720068908E /* EditView.swift in Sources */ = {isa = PBXBuildFile; fileRef = 3F13F9C72C1DED720068908E /* EditView.swift */; };
		3F13F9CB2C1DEE020068908E /* PasswordFormView.swift in Sources */ = {isa = PBXBuildFile; fileRef = 3F13F9CA2C1DEE020068908E /* PasswordFormView.swift */; };
		3F1DFECF2C4B552E00BAA193 /* SafariView.swift in Sources */ = {isa = PBXBuildFile; fileRef = 3F1DFECE2C4B552E00BAA193 /* SafariView.swift */; };
		3F1DFEDD2C4CA01300BAA193 /* Localizable.xcstrings in Resources */ = {isa = PBXBuildFile; fileRef = 3F1DFEDC2C4CA01300BAA193 /* Localizable.xcstrings */; };
		3F3DE2F82C1DE2500089CB5A /* InfomationView.swift in Sources */ = {isa = PBXBuildFile; fileRef = 3F3DE2F72C1DE2500089CB5A /* InfomationView.swift */; };
		3F3DE2FA2C1DE2710089CB5A /* AddView.swift in Sources */ = {isa = PBXBuildFile; fileRef = 3F3DE2F92C1DE2710089CB5A /* AddView.swift */; };
		3F6AA4B82C2FDF22008EC918 /* PasswordField.swift in Sources */ = {isa = PBXBuildFile; fileRef = 3F6AA4B72C2FDF22008EC918 /* PasswordField.swift */; };
		3F6AA4BE2C3130FC008EC918 /* CreatePassword.swift in Sources */ = {isa = PBXBuildFile; fileRef = 3F6AA4BD2C3130FC008EC918 /* CreatePassword.swift */; };
		3F8C859B2C189D4A0032277E /* PasswordBoxApp.swift in Sources */ = {isa = PBXBuildFile; fileRef = 3F8C859A2C189D4A0032277E /* PasswordBoxApp.swift */; };
		3F8C859D2C189D4A0032277E /* ContentView.swift in Sources */ = {isa = PBXBuildFile; fileRef = 3F8C859C2C189D4A0032277E /* ContentView.swift */; };
		3F8C859F2C189D4B0032277E /* Assets.xcassets in Resources */ = {isa = PBXBuildFile; fileRef = 3F8C859E2C189D4B0032277E /* Assets.xcassets */; };
		3F8C85A22C189D4B0032277E /* Preview Assets.xcassets in Resources */ = {isa = PBXBuildFile; fileRef = 3F8C85A12C189D4B0032277E /* Preview Assets.xcassets */; };
		3F8C85AC2C189D4B0032277E /* PasswordBoxTests.swift in Sources */ = {isa = PBXBuildFile; fileRef = 3F8C85AB2C189D4B0032277E /* PasswordBoxTests.swift */; };
		3F8C85B62C189D4B0032277E /* PasswordBoxUITests.swift in Sources */ = {isa = PBXBuildFile; fileRef = 3F8C85B52C189D4B0032277E /* PasswordBoxUITests.swift */; };
		3F8C85B82C189D4B0032277E /* PasswordBoxUITestsLaunchTests.swift in Sources */ = {isa = PBXBuildFile; fileRef = 3F8C85B72C189D4B0032277E /* PasswordBoxUITestsLaunchTests.swift */; };
		3F8C85C52C189F0C0032277E /* ListView.swift in Sources */ = {isa = PBXBuildFile; fileRef = 3F8C85C42C189F0C0032277E /* ListView.swift */; };
		3F8C85C72C189F230032277E /* CellView.swift in Sources */ = {isa = PBXBuildFile; fileRef = 3F8C85C62C189F230032277E /* CellView.swift */; };
		3F99FC4F2C390873001ED4B2 /* Images.swift in Sources */ = {isa = PBXBuildFile; fileRef = 3F99FC4E2C390873001ED4B2 /* Images.swift */; };
		3F99FC512C390D65001ED4B2 /* IconStyles.swift in Sources */ = {isa = PBXBuildFile; fileRef = 3F99FC502C390D65001ED4B2 /* IconStyles.swift */; };
		3F99FC592C39258B001ED4B2 /* Entry.swift in Sources */ = {isa = PBXBuildFile; fileRef = 3F99FC582C39258B001ED4B2 /* Entry.swift */; };
		3FC77A5F2C313B5900B56E75 /* SettingIconView.swift in Sources */ = {isa = PBXBuildFile; fileRef = 3FC77A5E2C313B5900B56E75 /* SettingIconView.swift */; };
		3FC77A612C313C4500B56E75 /* IconView.swift in Sources */ = {isa = PBXBuildFile; fileRef = 3FC77A602C313C4500B56E75 /* IconView.swift */; };
		3FEE0F162C3C2EDE0057EE2F /* AppTips.swift in Sources */ = {isa = PBXBuildFile; fileRef = 3FEE0F152C3C2EDE0057EE2F /* AppTips.swift */; };
/* End PBXBuildFile section */

/* Begin PBXContainerItemProxy section */
		3F8C85A82C189D4B0032277E /* PBXContainerItemProxy */ = {
			isa = PBXContainerItemProxy;
			containerPortal = 3F8C858F2C189D4A0032277E /* Project object */;
			proxyType = 1;
			remoteGlobalIDString = 3F8C85962C189D4A0032277E;
			remoteInfo = PasswordBox;
		};
		3F8C85B22C189D4B0032277E /* PBXContainerItemProxy */ = {
			isa = PBXContainerItemProxy;
			containerPortal = 3F8C858F2C189D4A0032277E /* Project object */;
			proxyType = 1;
			remoteGlobalIDString = 3F8C85962C189D4A0032277E;
			remoteInfo = PasswordBox;
		};
/* End PBXContainerItemProxy section */

/* Begin PBXFileReference section */
		3F026F262C399A4100ED696C /* PasswordKeychain.swift */ = {isa = PBXFileReference; lastKnownFileType = sourcecode.swift; path = PasswordKeychain.swift; sourceTree = "<group>"; };
		3F026F282C39A2E400ED696C /* EditViewModel.swift */ = {isa = PBXFileReference; lastKnownFileType = sourcecode.swift; path = EditViewModel.swift; sourceTree = "<group>"; };
		3F026F2A2C39A3F100ED696C /* AddViewModel.swift */ = {isa = PBXFileReference; lastKnownFileType = sourcecode.swift; path = AddViewModel.swift; sourceTree = "<group>"; };
		3F026F372C3A622500ED696C /* LicenseList.swift */ = {isa = PBXFileReference; lastKnownFileType = sourcecode.swift; path = LicenseList.swift; sourceTree = "<group>"; };
		3F026F412C3A77A600ED696C /* OpenURLInSafariViewModifier.swift */ = {isa = PBXFileReference; lastKnownFileType = sourcecode.swift; path = OpenURLInSafariViewModifier.swift; sourceTree = "<group>"; };
		3F026F432C3A789500ED696C /* URLs.swift */ = {isa = PBXFileReference; lastKnownFileType = sourcecode.swift; path = URLs.swift; sourceTree = "<group>"; };
		3F13F9C52C1DECF30068908E /* InfomationViewModel.swift */ = {isa = PBXFileReference; lastKnownFileType = sourcecode.swift; path = InfomationViewModel.swift; sourceTree = "<group>"; };
		3F13F9C72C1DED720068908E /* EditView.swift */ = {isa = PBXFileReference; lastKnownFileType = sourcecode.swift; path = EditView.swift; sourceTree = "<group>"; };
		3F13F9CA2C1DEE020068908E /* PasswordFormView.swift */ = {isa = PBXFileReference; lastKnownFileType = sourcecode.swift; path = PasswordFormView.swift; sourceTree = "<group>"; };
		3F1DFECE2C4B552E00BAA193 /* SafariView.swift */ = {isa = PBXFileReference; lastKnownFileType = sourcecode.swift; path = SafariView.swift; sourceTree = "<group>"; };
		3F1DFEDC2C4CA01300BAA193 /* Localizable.xcstrings */ = {isa = PBXFileReference; lastKnownFileType = text.json.xcstrings; path = Localizable.xcstrings; sourceTree = "<group>"; };
		3F3DE2F72C1DE2500089CB5A /* InfomationView.swift */ = {isa = PBXFileReference; lastKnownFileType = sourcecode.swift; path = InfomationView.swift; sourceTree = "<group>"; };
		3F3DE2F92C1DE2710089CB5A /* AddView.swift */ = {isa = PBXFileReference; lastKnownFileType = sourcecode.swift; path = AddView.swift; sourceTree = "<group>"; };
		3F6AA4B72C2FDF22008EC918 /* PasswordField.swift */ = {isa = PBXFileReference; lastKnownFileType = sourcecode.swift; path = PasswordField.swift; sourceTree = "<group>"; };
		3F6AA4BD2C3130FC008EC918 /* CreatePassword.swift */ = {isa = PBXFileReference; lastKnownFileType = sourcecode.swift; path = CreatePassword.swift; sourceTree = "<group>"; };
		3F8C85972C189D4A0032277E /* PasswordBox.app */ = {isa = PBXFileReference; explicitFileType = wrapper.application; includeInIndex = 0; path = PasswordBox.app; sourceTree = BUILT_PRODUCTS_DIR; };
		3F8C859A2C189D4A0032277E /* PasswordBoxApp.swift */ = {isa = PBXFileReference; lastKnownFileType = sourcecode.swift; path = PasswordBoxApp.swift; sourceTree = "<group>"; };
		3F8C859C2C189D4A0032277E /* ContentView.swift */ = {isa = PBXFileReference; lastKnownFileType = sourcecode.swift; path = ContentView.swift; sourceTree = "<group>"; };
		3F8C859E2C189D4B0032277E /* Assets.xcassets */ = {isa = PBXFileReference; lastKnownFileType = folder.assetcatalog; path = Assets.xcassets; sourceTree = "<group>"; };
		3F8C85A12C189D4B0032277E /* Preview Assets.xcassets */ = {isa = PBXFileReference; lastKnownFileType = folder.assetcatalog; path = "Preview Assets.xcassets"; sourceTree = "<group>"; };
		3F8C85A72C189D4B0032277E /* PasswordBoxTests.xctest */ = {isa = PBXFileReference; explicitFileType = wrapper.cfbundle; includeInIndex = 0; path = PasswordBoxTests.xctest; sourceTree = BUILT_PRODUCTS_DIR; };
		3F8C85AB2C189D4B0032277E /* PasswordBoxTests.swift */ = {isa = PBXFileReference; lastKnownFileType = sourcecode.swift; path = PasswordBoxTests.swift; sourceTree = "<group>"; };
		3F8C85B12C189D4B0032277E /* PasswordBoxUITests.xctest */ = {isa = PBXFileReference; explicitFileType = wrapper.cfbundle; includeInIndex = 0; path = PasswordBoxUITests.xctest; sourceTree = BUILT_PRODUCTS_DIR; };
		3F8C85B52C189D4B0032277E /* PasswordBoxUITests.swift */ = {isa = PBXFileReference; lastKnownFileType = sourcecode.swift; path = PasswordBoxUITests.swift; sourceTree = "<group>"; };
		3F8C85B72C189D4B0032277E /* PasswordBoxUITestsLaunchTests.swift */ = {isa = PBXFileReference; lastKnownFileType = sourcecode.swift; path = PasswordBoxUITestsLaunchTests.swift; sourceTree = "<group>"; };
		3F8C85C42C189F0C0032277E /* ListView.swift */ = {isa = PBXFileReference; lastKnownFileType = sourcecode.swift; path = ListView.swift; sourceTree = "<group>"; };
		3F8C85C62C189F230032277E /* CellView.swift */ = {isa = PBXFileReference; lastKnownFileType = sourcecode.swift; path = CellView.swift; sourceTree = "<group>"; };
		3F91E4C62C3AF36000FBF876 /* ci_post_clone.sh */ = {isa = PBXFileReference; lastKnownFileType = text.script.sh; path = ci_post_clone.sh; sourceTree = "<group>"; };
		3F99FC4E2C390873001ED4B2 /* Images.swift */ = {isa = PBXFileReference; lastKnownFileType = sourcecode.swift; path = Images.swift; sourceTree = "<group>"; };
		3F99FC502C390D65001ED4B2 /* IconStyles.swift */ = {isa = PBXFileReference; lastKnownFileType = sourcecode.swift; path = IconStyles.swift; sourceTree = "<group>"; };
		3F99FC582C39258B001ED4B2 /* Entry.swift */ = {isa = PBXFileReference; lastKnownFileType = sourcecode.swift; path = Entry.swift; sourceTree = "<group>"; };
		3FC77A5E2C313B5900B56E75 /* SettingIconView.swift */ = {isa = PBXFileReference; lastKnownFileType = sourcecode.swift; path = SettingIconView.swift; sourceTree = "<group>"; };
		3FC77A602C313C4500B56E75 /* IconView.swift */ = {isa = PBXFileReference; lastKnownFileType = sourcecode.swift; path = IconView.swift; sourceTree = "<group>"; };
		3FEE0F152C3C2EDE0057EE2F /* AppTips.swift */ = {isa = PBXFileReference; lastKnownFileType = sourcecode.swift; path = AppTips.swift; sourceTree = "<group>"; };
/* End PBXFileReference section */

/* Begin PBXFrameworksBuildPhase section */
		3F8C85942C189D4A0032277E /* Frameworks */ = {
			isa = PBXFrameworksBuildPhase;
			buildActionMask = 2147483647;
			files = (
				3F026F362C3A618400ED696C /* LicenseList in Frameworks */,
				3F026F252C3996D000ED696C /* KeychainAccess in Frameworks */,
			);
			runOnlyForDeploymentPostprocessing = 0;
		};
		3F8C85A42C189D4B0032277E /* Frameworks */ = {
			isa = PBXFrameworksBuildPhase;
			buildActionMask = 2147483647;
			files = (
			);
			runOnlyForDeploymentPostprocessing = 0;
		};
		3F8C85AE2C189D4B0032277E /* Frameworks */ = {
			isa = PBXFrameworksBuildPhase;
			buildActionMask = 2147483647;
			files = (
			);
			runOnlyForDeploymentPostprocessing = 0;
		};
/* End PBXFrameworksBuildPhase section */

/* Begin PBXGroup section */
		3F026F232C3996D000ED696C /* Frameworks */ = {
			isa = PBXGroup;
			children = (
			);
			name = Frameworks;
			sourceTree = "<group>";
		};
		3F026F2C2C39A69F00ED696C /* SettingIcon */ = {
			isa = PBXGroup;
			children = (
				3FC77A5E2C313B5900B56E75 /* SettingIconView.swift */,
				3FC77A602C313C4500B56E75 /* IconView.swift */,
			);
			path = SettingIcon;
			sourceTree = "<group>";
		};
		3F13F9C12C1DECB20068908E /* UI */ = {
			isa = PBXGroup;
			children = (
				3F13F9CC2C1DEE070068908E /* Common */,
				3F13F9C22C1DECBB0068908E /* List */,
				3F13F9C32C1DECC90068908E /* Info */,
			);
			path = UI;
			sourceTree = "<group>";
		};
		3F13F9C22C1DECBB0068908E /* List */ = {
			isa = PBXGroup;
			children = (
				3F8C85C42C189F0C0032277E /* ListView.swift */,
				3F8C85C62C189F230032277E /* CellView.swift */,
				3F13F9C42C1DECD30068908E /* Add */,
				3F13F9C92C1DED7F0068908E /* Edit */,
				3F026F2C2C39A69F00ED696C /* SettingIcon */,
			);
			path = List;
			sourceTree = "<group>";
		};
		3F13F9C32C1DECC90068908E /* Info */ = {
			isa = PBXGroup;
			children = (
				3F3DE2F72C1DE2500089CB5A /* InfomationView.swift */,
				3F13F9C52C1DECF30068908E /* InfomationViewModel.swift */,
				3F026F372C3A622500ED696C /* LicenseList.swift */,
				3F026F412C3A77A600ED696C /* OpenURLInSafariViewModifier.swift */,
				3F1DFECE2C4B552E00BAA193 /* SafariView.swift */,
			);
			path = Info;
			sourceTree = "<group>";
		};
		3F13F9C42C1DECD30068908E /* Add */ = {
			isa = PBXGroup;
			children = (
				3F3DE2F92C1DE2710089CB5A /* AddView.swift */,
				3F026F2A2C39A3F100ED696C /* AddViewModel.swift */,
			);
			path = Add;
			sourceTree = "<group>";
		};
		3F13F9C92C1DED7F0068908E /* Edit */ = {
			isa = PBXGroup;
			children = (
				3F13F9C72C1DED720068908E /* EditView.swift */,
				3F026F282C39A2E400ED696C /* EditViewModel.swift */,
			);
			path = Edit;
			sourceTree = "<group>";
		};
		3F13F9CC2C1DEE070068908E /* Common */ = {
			isa = PBXGroup;
			children = (
				3F13F9CA2C1DEE020068908E /* PasswordFormView.swift */,
				3F6AA4B72C2FDF22008EC918 /* PasswordField.swift */,
			);
			path = Common;
			sourceTree = "<group>";
		};
		3F6AA4BB2C3130D4008EC918 /* Model */ = {
			isa = PBXGroup;
			children = (
				3F026F262C399A4100ED696C /* PasswordKeychain.swift */,
				3F6AA4BC2C3130E3008EC918 /* CreatePassword */,
				3F99FC582C39258B001ED4B2 /* Entry.swift */,
			);
			path = Model;
			sourceTree = "<group>";
		};
		3F6AA4BC2C3130E3008EC918 /* CreatePassword */ = {
			isa = PBXGroup;
			children = (
				3F6AA4BD2C3130FC008EC918 /* CreatePassword.swift */,
			);
			path = CreatePassword;
			sourceTree = "<group>";
		};
		3F8C858E2C189D4A0032277E = {
			isa = PBXGroup;
			children = (
				3F91E4C52C3AF32A00FBF876 /* ci_scripts */,
				3F8C85992C189D4A0032277E /* PasswordBox */,
				3F8C85AA2C189D4B0032277E /* PasswordBoxTests */,
				3F8C85B42C189D4B0032277E /* PasswordBoxUITests */,
				3F8C85982C189D4A0032277E /* Products */,
				3F026F232C3996D000ED696C /* Frameworks */,
			);
			sourceTree = "<group>";
		};
		3F8C85982C189D4A0032277E /* Products */ = {
			isa = PBXGroup;
			children = (
				3F8C85972C189D4A0032277E /* PasswordBox.app */,
				3F8C85A72C189D4B0032277E /* PasswordBoxTests.xctest */,
				3F8C85B12C189D4B0032277E /* PasswordBoxUITests.xctest */,
			);
			name = Products;
			sourceTree = "<group>";
		};
		3F8C85992C189D4A0032277E /* PasswordBox */ = {
			isa = PBXGroup;
			children = (
				3F8C859A2C189D4A0032277E /* PasswordBoxApp.swift */,
				3F8C859C2C189D4A0032277E /* ContentView.swift */,
				3F13F9C12C1DECB20068908E /* UI */,
				3F6AA4BB2C3130D4008EC918 /* Model */,
				3F99FC4D2C390859001ED4B2 /* Resources */,
				3F8C85A02C189D4B0032277E /* Preview Content */,
			);
			path = PasswordBox;
			sourceTree = "<group>";
		};
		3F8C85A02C189D4B0032277E /* Preview Content */ = {
			isa = PBXGroup;
			children = (
				3F8C85A12C189D4B0032277E /* Preview Assets.xcassets */,
			);
			path = "Preview Content";
			sourceTree = "<group>";
		};
		3F8C85AA2C189D4B0032277E /* PasswordBoxTests */ = {
			isa = PBXGroup;
			children = (
				3F8C85AB2C189D4B0032277E /* PasswordBoxTests.swift */,
			);
			path = PasswordBoxTests;
			sourceTree = "<group>";
		};
		3F8C85B42C189D4B0032277E /* PasswordBoxUITests */ = {
			isa = PBXGroup;
			children = (
				3F8C85B52C189D4B0032277E /* PasswordBoxUITests.swift */,
				3F8C85B72C189D4B0032277E /* PasswordBoxUITestsLaunchTests.swift */,
			);
			path = PasswordBoxUITests;
			sourceTree = "<group>";
		};
		3F91E4C52C3AF32A00FBF876 /* ci_scripts */ = {
			isa = PBXGroup;
			children = (
				3F91E4C62C3AF36000FBF876 /* ci_post_clone.sh */,
			);
			path = ci_scripts;
			sourceTree = "<group>";
		};
		3F99FC4D2C390859001ED4B2 /* Resources */ = {
			isa = PBXGroup;
			children = (
				3F8C859E2C189D4B0032277E /* Assets.xcassets */,
				3F99FC4E2C390873001ED4B2 /* Images.swift */,
				3F99FC502C390D65001ED4B2 /* IconStyles.swift */,
				3F026F432C3A789500ED696C /* URLs.swift */,
				3FEE0F152C3C2EDE0057EE2F /* AppTips.swift */,
				3F1DFEDC2C4CA01300BAA193 /* Localizable.xcstrings */,
			);
			path = Resources;
			sourceTree = "<group>";
		};
/* End PBXGroup section */

/* Begin PBXNativeTarget section */
		3F8C85962C189D4A0032277E /* PasswordBox */ = {
			isa = PBXNativeTarget;
			buildConfigurationList = 3F8C85BB2C189D4B0032277E /* Build configuration list for PBXNativeTarget "PasswordBox" */;
			buildPhases = (
				3F8C85932C189D4A0032277E /* Sources */,
				3F8C85942C189D4A0032277E /* Frameworks */,
				3F8C85952C189D4A0032277E /* Resources */,
			);
			buildRules = (
			);
			dependencies = (
			);
			name = PasswordBox;
			packageProductDependencies = (
				3F026F242C3996D000ED696C /* KeychainAccess */,
				3F026F352C3A618400ED696C /* LicenseList */,
			);
			productName = PasswordBox;
			productReference = 3F8C85972C189D4A0032277E /* PasswordBox.app */;
			productType = "com.apple.product-type.application";
		};
		3F8C85A62C189D4B0032277E /* PasswordBoxTests */ = {
			isa = PBXNativeTarget;
			buildConfigurationList = 3F8C85BE2C189D4B0032277E /* Build configuration list for PBXNativeTarget "PasswordBoxTests" */;
			buildPhases = (
				3F8C85A32C189D4B0032277E /* Sources */,
				3F8C85A42C189D4B0032277E /* Frameworks */,
				3F8C85A52C189D4B0032277E /* Resources */,
			);
			buildRules = (
			);
			dependencies = (
				3F8C85A92C189D4B0032277E /* PBXTargetDependency */,
			);
			name = PasswordBoxTests;
			productName = PasswordBoxTests;
			productReference = 3F8C85A72C189D4B0032277E /* PasswordBoxTests.xctest */;
			productType = "com.apple.product-type.bundle.unit-test";
		};
		3F8C85B02C189D4B0032277E /* PasswordBoxUITests */ = {
			isa = PBXNativeTarget;
			buildConfigurationList = 3F8C85C12C189D4B0032277E /* Build configuration list for PBXNativeTarget "PasswordBoxUITests" */;
			buildPhases = (
				3F8C85AD2C189D4B0032277E /* Sources */,
				3F8C85AE2C189D4B0032277E /* Frameworks */,
				3F8C85AF2C189D4B0032277E /* Resources */,
			);
			buildRules = (
			);
			dependencies = (
				3F8C85B32C189D4B0032277E /* PBXTargetDependency */,
			);
			name = PasswordBoxUITests;
			productName = PasswordBoxUITests;
			productReference = 3F8C85B12C189D4B0032277E /* PasswordBoxUITests.xctest */;
			productType = "com.apple.product-type.bundle.ui-testing";
		};
/* End PBXNativeTarget section */

/* Begin PBXProject section */
		3F8C858F2C189D4A0032277E /* Project object */ = {
			isa = PBXProject;
			attributes = {
				BuildIndependentTargetsInParallel = 1;
				LastSwiftUpdateCheck = 1540;
				LastUpgradeCheck = 1540;
				TargetAttributes = {
					3F8C85962C189D4A0032277E = {
						CreatedOnToolsVersion = 15.4;
					};
					3F8C85A62C189D4B0032277E = {
						CreatedOnToolsVersion = 15.4;
						TestTargetID = 3F8C85962C189D4A0032277E;
					};
					3F8C85B02C189D4B0032277E = {
						CreatedOnToolsVersion = 15.4;
						TestTargetID = 3F8C85962C189D4A0032277E;
					};
				};
			};
			buildConfigurationList = 3F8C85922C189D4A0032277E /* Build configuration list for PBXProject "PasswordBox" */;
			compatibilityVersion = "Xcode 14.0";
			developmentRegion = en;
			hasScannedForEncodings = 0;
			knownRegions = (
				en,
				Base,
				ja,
			);
			mainGroup = 3F8C858E2C189D4A0032277E;
			packageReferences = (
				3F3972422C3995D600B5FD6F /* XCRemoteSwiftPackageReference "KeychainAccess" */,
				3F026F342C3A618400ED696C /* XCRemoteSwiftPackageReference "LicenseList" */,
			);
			productRefGroup = 3F8C85982C189D4A0032277E /* Products */;
			projectDirPath = "";
			projectRoot = "";
			targets = (
				3F8C85962C189D4A0032277E /* PasswordBox */,
				3F8C85A62C189D4B0032277E /* PasswordBoxTests */,
				3F8C85B02C189D4B0032277E /* PasswordBoxUITests */,
			);
		};
/* End PBXProject section */

/* Begin PBXResourcesBuildPhase section */
		3F8C85952C189D4A0032277E /* Resources */ = {
			isa = PBXResourcesBuildPhase;
			buildActionMask = 2147483647;
			files = (
				3F8C85A22C189D4B0032277E /* Preview Assets.xcassets in Resources */,
				3F8C859F2C189D4B0032277E /* Assets.xcassets in Resources */,
				3F1DFEDD2C4CA01300BAA193 /* Localizable.xcstrings in Resources */,
			);
			runOnlyForDeploymentPostprocessing = 0;
		};
		3F8C85A52C189D4B0032277E /* Resources */ = {
			isa = PBXResourcesBuildPhase;
			buildActionMask = 2147483647;
			files = (
			);
			runOnlyForDeploymentPostprocessing = 0;
		};
		3F8C85AF2C189D4B0032277E /* Resources */ = {
			isa = PBXResourcesBuildPhase;
			buildActionMask = 2147483647;
			files = (
			);
			runOnlyForDeploymentPostprocessing = 0;
		};
/* End PBXResourcesBuildPhase section */

/* Begin PBXSourcesBuildPhase section */
		3F8C85932C189D4A0032277E /* Sources */ = {
			isa = PBXSourcesBuildPhase;
			buildActionMask = 2147483647;
			files = (
				3F026F272C399A4100ED696C /* PasswordKeychain.swift in Sources */,
				3F13F9C62C1DECF30068908E /* InfomationViewModel.swift in Sources */,
				3F13F9CB2C1DEE020068908E /* PasswordFormView.swift in Sources */,
				3FEE0F162C3C2EDE0057EE2F /* AppTips.swift in Sources */,
				3F1DFECF2C4B552E00BAA193 /* SafariView.swift in Sources */,
				3F026F442C3A789500ED696C /* URLs.swift in Sources */,
				3F99FC512C390D65001ED4B2 /* IconStyles.swift in Sources */,
				3F8C85C72C189F230032277E /* CellView.swift in Sources */,
				3F026F2B2C39A3F100ED696C /* AddViewModel.swift in Sources */,
				3F026F422C3A77A600ED696C /* OpenURLInSafariViewModifier.swift in Sources */,
				3FC77A612C313C4500B56E75 /* IconView.swift in Sources */,
				3F026F292C39A2E400ED696C /* EditViewModel.swift in Sources */,
				3F6AA4BE2C3130FC008EC918 /* CreatePassword.swift in Sources */,
				3F6AA4B82C2FDF22008EC918 /* PasswordField.swift in Sources */,
				3F99FC4F2C390873001ED4B2 /* Images.swift in Sources */,
				3F99FC592C39258B001ED4B2 /* Entry.swift in Sources */,
				3F13F9C82C1DED720068908E /* EditView.swift in Sources */,
				3FC77A5F2C313B5900B56E75 /* SettingIconView.swift in Sources */,
				3F8C859D2C189D4A0032277E /* ContentView.swift in Sources */,
				3F3DE2FA2C1DE2710089CB5A /* AddView.swift in Sources */,
				3F8C859B2C189D4A0032277E /* PasswordBoxApp.swift in Sources */,
				3F3DE2F82C1DE2500089CB5A /* InfomationView.swift in Sources */,
				3F8C85C52C189F0C0032277E /* ListView.swift in Sources */,
				3F026F382C3A622500ED696C /* LicenseList.swift in Sources */,
			);
			runOnlyForDeploymentPostprocessing = 0;
		};
		3F8C85A32C189D4B0032277E /* Sources */ = {
			isa = PBXSourcesBuildPhase;
			buildActionMask = 2147483647;
			files = (
				3F8C85AC2C189D4B0032277E /* PasswordBoxTests.swift in Sources */,
			);
			runOnlyForDeploymentPostprocessing = 0;
		};
		3F8C85AD2C189D4B0032277E /* Sources */ = {
			isa = PBXSourcesBuildPhase;
			buildActionMask = 2147483647;
			files = (
				3F8C85B62C189D4B0032277E /* PasswordBoxUITests.swift in Sources */,
				3F8C85B82C189D4B0032277E /* PasswordBoxUITestsLaunchTests.swift in Sources */,
			);
			runOnlyForDeploymentPostprocessing = 0;
		};
/* End PBXSourcesBuildPhase section */

/* Begin PBXTargetDependency section */
		3F8C85A92C189D4B0032277E /* PBXTargetDependency */ = {
			isa = PBXTargetDependency;
			target = 3F8C85962C189D4A0032277E /* PasswordBox */;
			targetProxy = 3F8C85A82C189D4B0032277E /* PBXContainerItemProxy */;
		};
		3F8C85B32C189D4B0032277E /* PBXTargetDependency */ = {
			isa = PBXTargetDependency;
			target = 3F8C85962C189D4A0032277E /* PasswordBox */;
			targetProxy = 3F8C85B22C189D4B0032277E /* PBXContainerItemProxy */;
		};
/* End PBXTargetDependency section */

/* Begin XCBuildConfiguration section */
		3F8C85B92C189D4B0032277E /* Debug */ = {
			isa = XCBuildConfiguration;
			buildSettings = {
				ALWAYS_SEARCH_USER_PATHS = NO;
				ASSETCATALOG_COMPILER_GENERATE_SWIFT_ASSET_SYMBOL_EXTENSIONS = YES;
				CLANG_ANALYZER_NONNULL = YES;
				CLANG_ANALYZER_NUMBER_OBJECT_CONVERSION = YES_AGGRESSIVE;
				CLANG_CXX_LANGUAGE_STANDARD = "gnu++20";
				CLANG_ENABLE_MODULES = YES;
				CLANG_ENABLE_OBJC_ARC = YES;
				CLANG_ENABLE_OBJC_WEAK = YES;
				CLANG_WARN_BLOCK_CAPTURE_AUTORELEASING = YES;
				CLANG_WARN_BOOL_CONVERSION = YES;
				CLANG_WARN_COMMA = YES;
				CLANG_WARN_CONSTANT_CONVERSION = YES;
				CLANG_WARN_DEPRECATED_OBJC_IMPLEMENTATIONS = YES;
				CLANG_WARN_DIRECT_OBJC_ISA_USAGE = YES_ERROR;
				CLANG_WARN_DOCUMENTATION_COMMENTS = YES;
				CLANG_WARN_EMPTY_BODY = YES;
				CLANG_WARN_ENUM_CONVERSION = YES;
				CLANG_WARN_INFINITE_RECURSION = YES;
				CLANG_WARN_INT_CONVERSION = YES;
				CLANG_WARN_NON_LITERAL_NULL_CONVERSION = YES;
				CLANG_WARN_OBJC_IMPLICIT_RETAIN_SELF = YES;
				CLANG_WARN_OBJC_LITERAL_CONVERSION = YES;
				CLANG_WARN_OBJC_ROOT_CLASS = YES_ERROR;
				CLANG_WARN_QUOTED_INCLUDE_IN_FRAMEWORK_HEADER = YES;
				CLANG_WARN_RANGE_LOOP_ANALYSIS = YES;
				CLANG_WARN_STRICT_PROTOTYPES = YES;
				CLANG_WARN_SUSPICIOUS_MOVE = YES;
				CLANG_WARN_UNGUARDED_AVAILABILITY = YES_AGGRESSIVE;
				CLANG_WARN_UNREACHABLE_CODE = YES;
				CLANG_WARN__DUPLICATE_METHOD_MATCH = YES;
				COPY_PHASE_STRIP = NO;
				DEBUG_INFORMATION_FORMAT = dwarf;
				ENABLE_STRICT_OBJC_MSGSEND = YES;
				ENABLE_TESTABILITY = YES;
				ENABLE_USER_SCRIPT_SANDBOXING = YES;
				GCC_C_LANGUAGE_STANDARD = gnu17;
				GCC_DYNAMIC_NO_PIC = NO;
				GCC_NO_COMMON_BLOCKS = YES;
				GCC_OPTIMIZATION_LEVEL = 0;
				GCC_PREPROCESSOR_DEFINITIONS = (
					"DEBUG=1",
					"$(inherited)",
				);
				GCC_WARN_64_TO_32_BIT_CONVERSION = YES;
				GCC_WARN_ABOUT_RETURN_TYPE = YES_ERROR;
				GCC_WARN_UNDECLARED_SELECTOR = YES;
				GCC_WARN_UNINITIALIZED_AUTOS = YES_AGGRESSIVE;
				GCC_WARN_UNUSED_FUNCTION = YES;
				GCC_WARN_UNUSED_VARIABLE = YES;
				IPHONEOS_DEPLOYMENT_TARGET = 17.0;
				LOCALIZATION_PREFERS_STRING_CATALOGS = YES;
				MTL_ENABLE_DEBUG_INFO = INCLUDE_SOURCE;
				MTL_FAST_MATH = YES;
				ONLY_ACTIVE_ARCH = YES;
				SDKROOT = iphoneos;
				SWIFT_ACTIVE_COMPILATION_CONDITIONS = "DEBUG $(inherited)";
				SWIFT_OPTIMIZATION_LEVEL = "-Onone";
			};
			name = Debug;
		};
		3F8C85BA2C189D4B0032277E /* Release */ = {
			isa = XCBuildConfiguration;
			buildSettings = {
				ALWAYS_SEARCH_USER_PATHS = NO;
				ASSETCATALOG_COMPILER_GENERATE_SWIFT_ASSET_SYMBOL_EXTENSIONS = YES;
				CLANG_ANALYZER_NONNULL = YES;
				CLANG_ANALYZER_NUMBER_OBJECT_CONVERSION = YES_AGGRESSIVE;
				CLANG_CXX_LANGUAGE_STANDARD = "gnu++20";
				CLANG_ENABLE_MODULES = YES;
				CLANG_ENABLE_OBJC_ARC = YES;
				CLANG_ENABLE_OBJC_WEAK = YES;
				CLANG_WARN_BLOCK_CAPTURE_AUTORELEASING = YES;
				CLANG_WARN_BOOL_CONVERSION = YES;
				CLANG_WARN_COMMA = YES;
				CLANG_WARN_CONSTANT_CONVERSION = YES;
				CLANG_WARN_DEPRECATED_OBJC_IMPLEMENTATIONS = YES;
				CLANG_WARN_DIRECT_OBJC_ISA_USAGE = YES_ERROR;
				CLANG_WARN_DOCUMENTATION_COMMENTS = YES;
				CLANG_WARN_EMPTY_BODY = YES;
				CLANG_WARN_ENUM_CONVERSION = YES;
				CLANG_WARN_INFINITE_RECURSION = YES;
				CLANG_WARN_INT_CONVERSION = YES;
				CLANG_WARN_NON_LITERAL_NULL_CONVERSION = YES;
				CLANG_WARN_OBJC_IMPLICIT_RETAIN_SELF = YES;
				CLANG_WARN_OBJC_LITERAL_CONVERSION = YES;
				CLANG_WARN_OBJC_ROOT_CLASS = YES_ERROR;
				CLANG_WARN_QUOTED_INCLUDE_IN_FRAMEWORK_HEADER = YES;
				CLANG_WARN_RANGE_LOOP_ANALYSIS = YES;
				CLANG_WARN_STRICT_PROTOTYPES = YES;
				CLANG_WARN_SUSPICIOUS_MOVE = YES;
				CLANG_WARN_UNGUARDED_AVAILABILITY = YES_AGGRESSIVE;
				CLANG_WARN_UNREACHABLE_CODE = YES;
				CLANG_WARN__DUPLICATE_METHOD_MATCH = YES;
				COPY_PHASE_STRIP = NO;
				DEBUG_INFORMATION_FORMAT = "dwarf-with-dsym";
				ENABLE_NS_ASSERTIONS = NO;
				ENABLE_STRICT_OBJC_MSGSEND = YES;
				ENABLE_USER_SCRIPT_SANDBOXING = YES;
				GCC_C_LANGUAGE_STANDARD = gnu17;
				GCC_NO_COMMON_BLOCKS = YES;
				GCC_WARN_64_TO_32_BIT_CONVERSION = YES;
				GCC_WARN_ABOUT_RETURN_TYPE = YES_ERROR;
				GCC_WARN_UNDECLARED_SELECTOR = YES;
				GCC_WARN_UNINITIALIZED_AUTOS = YES_AGGRESSIVE;
				GCC_WARN_UNUSED_FUNCTION = YES;
				GCC_WARN_UNUSED_VARIABLE = YES;
				IPHONEOS_DEPLOYMENT_TARGET = 17.0;
				LOCALIZATION_PREFERS_STRING_CATALOGS = YES;
				MTL_ENABLE_DEBUG_INFO = NO;
				MTL_FAST_MATH = YES;
				SDKROOT = iphoneos;
				SWIFT_COMPILATION_MODE = wholemodule;
				VALIDATE_PRODUCT = YES;
			};
			name = Release;
		};
		3F8C85BC2C189D4B0032277E /* Debug */ = {
			isa = XCBuildConfiguration;
			buildSettings = {
				ASSETCATALOG_COMPILER_APPICON_NAME = AppIcon;
				ASSETCATALOG_COMPILER_GLOBAL_ACCENT_COLOR_NAME = AccentColor;
				ASSETCATALOG_COMPILER_INCLUDE_ALL_APPICON_ASSETS = NO;
				CODE_SIGN_STYLE = Automatic;
				CURRENT_PROJECT_VERSION = 1;
				DEVELOPMENT_ASSET_PATHS = "\"PasswordBox/Preview Content\"";
				DEVELOPMENT_TEAM = B58T472MM3;
				ENABLE_PREVIEWS = YES;
				GENERATE_INFOPLIST_FILE = YES;
				INFOPLIST_KEY_NSFaceIDUsageDescription = "FaceID を使用してアプリへのアクセスを保護し、安全な認証を提供します";
				INFOPLIST_KEY_UIApplicationSceneManifest_Generation = YES;
				INFOPLIST_KEY_UIApplicationSupportsIndirectInputEvents = YES;
				INFOPLIST_KEY_UILaunchScreen_Generation = YES;
				INFOPLIST_KEY_UIRequiresFullScreen = YES;
				INFOPLIST_KEY_UISupportedInterfaceOrientations = UIInterfaceOrientationPortrait;
				IPHONEOS_DEPLOYMENT_TARGET = 17.0;
				LD_RUNPATH_SEARCH_PATHS = (
					"$(inherited)",
					"@executable_path/Frameworks",
				);
				MARKETING_VERSION = 1.0.1;
				PRODUCT_BUNDLE_IDENTIFIER = com.KaitoMuraoka.PasswordBox;
				PRODUCT_NAME = "$(TARGET_NAME)";
				SUPPORTED_PLATFORMS = "iphoneos iphonesimulator";
				SUPPORTS_MACCATALYST = NO;
				SUPPORTS_MAC_DESIGNED_FOR_IPHONE_IPAD = NO;
				SUPPORTS_XR_DESIGNED_FOR_IPHONE_IPAD = NO;
				SWIFT_EMIT_LOC_STRINGS = YES;
				SWIFT_VERSION = 5.0;
				TARGETED_DEVICE_FAMILY = "1,2";
			};
			name = Debug;
		};
		3F8C85BD2C189D4B0032277E /* Release */ = {
			isa = XCBuildConfiguration;
			buildSettings = {
				ASSETCATALOG_COMPILER_APPICON_NAME = AppIcon;
				ASSETCATALOG_COMPILER_GLOBAL_ACCENT_COLOR_NAME = AccentColor;
				ASSETCATALOG_COMPILER_INCLUDE_ALL_APPICON_ASSETS = NO;
				CODE_SIGN_STYLE = Automatic;
				CURRENT_PROJECT_VERSION = 1;
				DEVELOPMENT_ASSET_PATHS = "\"PasswordBox/Preview Content\"";
				DEVELOPMENT_TEAM = B58T472MM3;
				ENABLE_PREVIEWS = YES;
				GENERATE_INFOPLIST_FILE = YES;
				INFOPLIST_KEY_NSFaceIDUsageDescription = "FaceID を使用してアプリへのアクセスを保護し、安全な認証を提供します";
				INFOPLIST_KEY_UIApplicationSceneManifest_Generation = YES;
				INFOPLIST_KEY_UIApplicationSupportsIndirectInputEvents = YES;
				INFOPLIST_KEY_UILaunchScreen_Generation = YES;
				INFOPLIST_KEY_UIRequiresFullScreen = YES;
				INFOPLIST_KEY_UISupportedInterfaceOrientations = UIInterfaceOrientationPortrait;
				IPHONEOS_DEPLOYMENT_TARGET = 17.0;
				LD_RUNPATH_SEARCH_PATHS = (
					"$(inherited)",
					"@executable_path/Frameworks",
				);
				MARKETING_VERSION = 1.0.1;
				PRODUCT_BUNDLE_IDENTIFIER = com.KaitoMuraoka.PasswordBox;
				PRODUCT_NAME = "$(TARGET_NAME)";
				SUPPORTED_PLATFORMS = "iphoneos iphonesimulator";
				SUPPORTS_MACCATALYST = NO;
				SUPPORTS_MAC_DESIGNED_FOR_IPHONE_IPAD = NO;
				SUPPORTS_XR_DESIGNED_FOR_IPHONE_IPAD = NO;
				SWIFT_EMIT_LOC_STRINGS = YES;
				SWIFT_VERSION = 5.0;
				TARGETED_DEVICE_FAMILY = "1,2";
			};
			name = Release;
		};
		3F8C85BF2C189D4B0032277E /* Debug */ = {
			isa = XCBuildConfiguration;
			buildSettings = {
				ALWAYS_EMBED_SWIFT_STANDARD_LIBRARIES = YES;
				BUNDLE_LOADER = "$(TEST_HOST)";
				CODE_SIGN_STYLE = Automatic;
				CURRENT_PROJECT_VERSION = 1;
				DEVELOPMENT_TEAM = B58T472MM3;
				GENERATE_INFOPLIST_FILE = YES;
				IPHONEOS_DEPLOYMENT_TARGET = 17.5;
				MARKETING_VERSION = 1.0;
				PRODUCT_BUNDLE_IDENTIFIER = com.KaitoMuraoka.PasswordBoxTests;
				PRODUCT_NAME = "$(TARGET_NAME)";
				SWIFT_EMIT_LOC_STRINGS = NO;
				SWIFT_VERSION = 5.0;
				TARGETED_DEVICE_FAMILY = "1,2";
				TEST_HOST = "$(BUILT_PRODUCTS_DIR)/PasswordBox.app/$(BUNDLE_EXECUTABLE_FOLDER_PATH)/PasswordBox";
			};
			name = Debug;
		};
		3F8C85C02C189D4B0032277E /* Release */ = {
			isa = XCBuildConfiguration;
			buildSettings = {
				ALWAYS_EMBED_SWIFT_STANDARD_LIBRARIES = YES;
				BUNDLE_LOADER = "$(TEST_HOST)";
				CODE_SIGN_STYLE = Automatic;
				CURRENT_PROJECT_VERSION = 1;
				DEVELOPMENT_TEAM = B58T472MM3;
				GENERATE_INFOPLIST_FILE = YES;
				IPHONEOS_DEPLOYMENT_TARGET = 17.5;
				MARKETING_VERSION = 1.0;
				PRODUCT_BUNDLE_IDENTIFIER = com.KaitoMuraoka.PasswordBoxTests;
				PRODUCT_NAME = "$(TARGET_NAME)";
				SWIFT_EMIT_LOC_STRINGS = NO;
				SWIFT_VERSION = 5.0;
				TARGETED_DEVICE_FAMILY = "1,2";
				TEST_HOST = "$(BUILT_PRODUCTS_DIR)/PasswordBox.app/$(BUNDLE_EXECUTABLE_FOLDER_PATH)/PasswordBox";
			};
			name = Release;
		};
		3F8C85C22C189D4B0032277E /* Debug */ = {
			isa = XCBuildConfiguration;
			buildSettings = {
				ALWAYS_EMBED_SWIFT_STANDARD_LIBRARIES = YES;
				CODE_SIGN_STYLE = Automatic;
				CURRENT_PROJECT_VERSION = 1;
				DEVELOPMENT_TEAM = B58T472MM3;
				GENERATE_INFOPLIST_FILE = YES;
				MARKETING_VERSION = 1.0;
				PRODUCT_BUNDLE_IDENTIFIER = com.KaitoMuraoka.PasswordBoxUITests;
				PRODUCT_NAME = "$(TARGET_NAME)";
				SWIFT_EMIT_LOC_STRINGS = NO;
				SWIFT_VERSION = 5.0;
				TARGETED_DEVICE_FAMILY = "1,2";
				TEST_TARGET_NAME = PasswordBox;
			};
			name = Debug;
		};
		3F8C85C32C189D4B0032277E /* Release */ = {
			isa = XCBuildConfiguration;
			buildSettings = {
				ALWAYS_EMBED_SWIFT_STANDARD_LIBRARIES = YES;
				CODE_SIGN_STYLE = Automatic;
				CURRENT_PROJECT_VERSION = 1;
				DEVELOPMENT_TEAM = B58T472MM3;
				GENERATE_INFOPLIST_FILE = YES;
				MARKETING_VERSION = 1.0;
				PRODUCT_BUNDLE_IDENTIFIER = com.KaitoMuraoka.PasswordBoxUITests;
				PRODUCT_NAME = "$(TARGET_NAME)";
				SWIFT_EMIT_LOC_STRINGS = NO;
				SWIFT_VERSION = 5.0;
				TARGETED_DEVICE_FAMILY = "1,2";
				TEST_TARGET_NAME = PasswordBox;
			};
			name = Release;
		};
/* End XCBuildConfiguration section */

/* Begin XCConfigurationList section */
		3F8C85922C189D4A0032277E /* Build configuration list for PBXProject "PasswordBox" */ = {
			isa = XCConfigurationList;
			buildConfigurations = (
				3F8C85B92C189D4B0032277E /* Debug */,
				3F8C85BA2C189D4B0032277E /* Release */,
			);
			defaultConfigurationIsVisible = 0;
			defaultConfigurationName = Release;
		};
		3F8C85BB2C189D4B0032277E /* Build configuration list for PBXNativeTarget "PasswordBox" */ = {
			isa = XCConfigurationList;
			buildConfigurations = (
				3F8C85BC2C189D4B0032277E /* Debug */,
				3F8C85BD2C189D4B0032277E /* Release */,
			);
			defaultConfigurationIsVisible = 0;
			defaultConfigurationName = Release;
		};
		3F8C85BE2C189D4B0032277E /* Build configuration list for PBXNativeTarget "PasswordBoxTests" */ = {
			isa = XCConfigurationList;
			buildConfigurations = (
				3F8C85BF2C189D4B0032277E /* Debug */,
				3F8C85C02C189D4B0032277E /* Release */,
			);
			defaultConfigurationIsVisible = 0;
			defaultConfigurationName = Release;
		};
		3F8C85C12C189D4B0032277E /* Build configuration list for PBXNativeTarget "PasswordBoxUITests" */ = {
			isa = XCConfigurationList;
			buildConfigurations = (
				3F8C85C22C189D4B0032277E /* Debug */,
				3F8C85C32C189D4B0032277E /* Release */,
			);
			defaultConfigurationIsVisible = 0;
			defaultConfigurationName = Release;
		};
/* End XCConfigurationList section */

/* Begin XCRemoteSwiftPackageReference section */
		3F026F342C3A618400ED696C /* XCRemoteSwiftPackageReference "LicenseList" */ = {
			isa = XCRemoteSwiftPackageReference;
			repositoryURL = "https://github.com/cybozu/LicenseList.git";
			requirement = {
				kind = upToNextMajorVersion;
				minimumVersion = 0.7.0;
			};
		};
		3F3972422C3995D600B5FD6F /* XCRemoteSwiftPackageReference "KeychainAccess" */ = {
			isa = XCRemoteSwiftPackageReference;
			repositoryURL = "https://github.com/kishikawakatsumi/KeychainAccess";
			requirement = {
				kind = upToNextMajorVersion;
				minimumVersion = 4.2.2;
			};
		};
/* End XCRemoteSwiftPackageReference section */

/* Begin XCSwiftPackageProductDependency section */
		3F026F242C3996D000ED696C /* KeychainAccess */ = {
			isa = XCSwiftPackageProductDependency;
			package = 3F3972422C3995D600B5FD6F /* XCRemoteSwiftPackageReference "KeychainAccess" */;
			productName = KeychainAccess;
		};
		3F026F352C3A618400ED696C /* LicenseList */ = {
			isa = XCSwiftPackageProductDependency;
			package = 3F026F342C3A618400ED696C /* XCRemoteSwiftPackageReference "LicenseList" */;
			productName = LicenseList;
		};
/* End XCSwiftPackageProductDependency section */
	};
	rootObject = 3F8C858F2C189D4A0032277E /* Project object */;
}
