{
  "originHash" : "6d9693d0d2ebed2cce70d1e7c0cf6be2d1dcbd91244366a4a87fba11ed359b12",
  "pins" : [
    {
      "identity" : "keychainaccess",
      "kind" : "remoteSourceControl",
      "location" : "https://github.com/kishikawakatsumi/KeychainAccess",
      "state" : {
        "revision" : "84e546727d66f1adc5439debad16270d0fdd04e7",
        "version" : "4.2.2"
      }
    },
    {
      "identity" : "licenselist",
      "kind" : "remoteSourceControl",
      "location" : "https://github.com/cybozu/LicenseList.git",
      "state" : {
        "revision" : "0828b88c1a6130d56ede2cc6c41ec50068a7ebd6",
        "version" : "0.7.0"
      }
    },
    {
      "identity" : "webui",
      "kind" : "remoteSourceControl",
      "location" : "https://github.com/cybozu/WebUI.git",
      "state" : {
        "revision" : "4708709d7c33c84b102eea73d91bd8baea49640b",
        "version" : "2.1.0"
      }
    }
  ],
  "version" : 3
}
